{
  "nodes": {
    "jens-dotfiles": {
      "flake": false,
      "locked": {
        "host": "git.c3pb.de",
        "lastModified": 1587168120,
        "narHash": "sha256-LBwPcCv7t4F2yQpwXP5o0pXv5a8LOKb6OLQKTg8eNl4=",
        "owner": "jens",
        "repo": "dotfiles",
        "rev": "cbded47f57fa7c5819709f2a2e97ea29af9b321a",
        "type": "gitlab"
      },
      "original": {
        "host": "git.c3pb.de",
        "owner": "jens",
        "repo": "dotfiles",
        "rev": "cbded47f57fa7c5819709f2a2e97ea29af9b321a",
        "type": "gitlab"
      }
    },
    "nixpkgs": {
      "locked": {
        "lastModified": 1609187327,
        "narHash": "sha256-6lCwWpGpZxbSYclryv4ixsxxbISe7HuLyyQnGWCC8ZQ=",
        "owner": "NixOS",
        "repo": "nixpkgs",
        "rev": "e065200fc90175a8f6e50e76ef10a48786126e1c",
        "type": "github"
      },
      "original": {
        "owner": "NixOS",
        "ref": "nixos-20.09",
        "repo": "nixpkgs",
        "type": "github"
      }
    },
    "private": {
      "flake": false,
      "locked": {
        "narHash": "sha256-xRE81bMkQ3oAww07CoScTmfxTognsKIilJOW/EadZ04=",
        "path": "./private",
        "type": "path"
      },
      "original": {
        "path": "./private",
        "type": "path"
      }
    },
    "root": {
      "inputs": {
        "jens-dotfiles": "jens-dotfiles",
        "nixpkgs": "nixpkgs",
        "private": "private"
      }
    }
  },
  "root": "root",
  "version": 7
}
