{
  "nodes": {
    "flake-compat": {
      "flake": false,
      "locked": {
        "lastModified": 1617671040,
        "narHash": "sha256-kM5xZE67AkbXP0w9V/7tzhvxcC68mDybYFHkl3qpCxk=",
        "owner": "BBBSnowball",
        "repo": "flake-compat",
        "rev": "e299543e6d7a705212bb890475fa6f00efa2b290",
        "type": "github"
      },
      "original": {
        "owner": "BBBSnowball",
        "repo": "flake-compat",
        "type": "github"
      }
    },
    "jens-dotfiles": {
      "flake": false,
      "locked": {
        "host": "git.c3pb.de",
        "lastModified": 1587168120,
        "narHash": "sha256-LBwPcCv7t4F2yQpwXP5o0pXv5a8LOKb6OLQKTg8eNl4=",
        "owner": "jens",
        "repo": "dotfiles",
        "rev": "cbded47f57fa7c5819709f2a2e97ea29af9b321a",
        "type": "gitlab"
      },
      "original": {
        "host": "git.c3pb.de",
        "owner": "jens",
        "repo": "dotfiles",
        "rev": "cbded47f57fa7c5819709f2a2e97ea29af9b321a",
        "type": "gitlab"
      }
    },
    "nix-bundle": {
      "inputs": {
        "nixpkgs": "nixpkgs_2"
      },
      "locked": {
        "lastModified": 1611019385,
        "narHash": "sha256-Um0coCW4R74jW6jY4NBq2+jDafLkEeNKFaDiiS/0bcM=",
        "owner": "BBBSnowball",
        "repo": "nix-bundle",
        "rev": "66b1e4615c3f9d5b1be9cc42d3c2f2c755372cf6",
        "type": "github"
      },
      "original": {
        "owner": "BBBSnowball",
        "repo": "nix-bundle",
        "type": "github"
      }
    },
    "nixpkgs": {
      "locked": {
        "lastModified": 1651310835,
        "narHash": "sha256-MLk/zsLlbPhwFucxL64Fr+oIrvQC2/76Ap2F7ekbPNI=",
        "owner": "NixOS",
        "repo": "nixpkgs",
        "rev": "fd3e33d696b81e76b30160dfad2efb7ac1f19879",
        "type": "github"
      },
      "original": {
        "owner": "NixOS",
        "ref": "nixos-21.11",
        "repo": "nixpkgs",
        "type": "github"
      }
    },
    "nixpkgs-notes": {
      "locked": {
        "lastModified": 1617271991,
        "narHash": "sha256-VdzjIQaT1FtycNid0iPSVr44Jrstoox6QRLrwCY1uG0=",
        "owner": "NixOS",
        "repo": "nixpkgs",
        "rev": "da7f4c4842520167f65c20ad75ecdbd14e27ae91",
        "type": "github"
      },
      "original": {
        "owner": "NixOS",
        "repo": "nixpkgs",
        "rev": "da7f4c4842520167f65c20ad75ecdbd14e27ae91",
        "type": "github"
      }
    },
    "nixpkgs_2": {
      "locked": {
        "lastModified": 1620055814,
        "narHash": "sha256-8LEHoYSJiL901bTMVatq+rf8y7QtWuZhwwpKE2fyaRY=",
        "owner": "NixOS",
        "repo": "nixpkgs",
        "rev": "1db42b7fe3878f3f5f7a4f2dc210772fd080e205",
        "type": "github"
      },
      "original": {
        "id": "nixpkgs",
        "ref": "nixos-20.03-small",
        "type": "indirect"
      }
    },
    "private": {
      "flake": false,
      "locked": {
        "narHash": "sha256-waZsG8LvoAgbkliaQLZUSU5zXimidq+Gf467kaMv6jw=",
        "path": "./private",
        "type": "path"
      },
      "original": {
        "path": "./private",
        "type": "path"
      }
    },
    "private-c3pbvm": {
      "flake": false,
      "locked": {
        "narHash": "sha256-7mVlzHcKO01t3awpnvwRPQccQQsPaoo4bkmkUib3YTU=",
        "path": "./hosts/c3pbvm/private",
        "type": "path"
      },
      "original": {
        "path": "./hosts/c3pbvm/private",
        "type": "path"
      }
    },
    "private-gk3v-pb": {
      "flake": false,
      "locked": {
        "narHash": "sha256-1bf4qqiStrJRj+M/CIWcJR7tKZf+FcZmQlEpU1j15G4=",
        "path": "./hosts/gk3v-pb/private",
        "type": "path"
      },
      "original": {
        "path": "./hosts/gk3v-pb/private",
        "type": "path"
      }
    },
    "private-nixosvm": {
      "flake": false,
      "locked": {
        "narHash": "sha256-P2q6CUbnElb8QKAt7iiBlWMOw+E18rvotJzQL+gGUrg=",
        "path": "./hosts/nixosvm/private",
        "type": "path"
      },
      "original": {
        "path": "./hosts/nixosvm/private",
        "type": "path"
      }
    },
    "root": {
      "inputs": {
        "flake-compat": [
          "routeromen",
          "flake-compat"
        ],
        "nixpkgs": "nixpkgs",
        "nixpkgs-notes": "nixpkgs-notes",
        "private": "private",
        "routeromen": "routeromen"
      }
    },
    "routeromen": {
      "inputs": {
        "flake-compat": "flake-compat",
        "jens-dotfiles": "jens-dotfiles",
        "nix-bundle": "nix-bundle",
        "nixpkgs": [
          "nixpkgs"
        ],
        "private": [
          "private"
        ],
        "private-c3pbvm": "private-c3pbvm",
        "private-gk3v-pb": "private-gk3v-pb",
        "private-nixosvm": "private-nixosvm"
      },
      "locked": {
        "lastModified": 1643153257,
        "narHash": "sha256-bMZaW0JIcSq9ONuKi0P6Xeg6kwIMH0zQM2tG+ox8zPQ=",
        "owner": "BBBSnowball",
        "repo": "nixcfg",
        "rev": "6be326b98075f41d56e8ab527cb27b9f9ae05815",
        "type": "github"
      },
      "original": {
        "owner": "BBBSnowball",
        "repo": "nixcfg",
        "type": "github"
      }
    }
  },
  "root": "root",
  "version": 7
}
