{
  "nodes": {
    "flake-compat": {
      "locked": {
        "lastModified": 1688025799,
        "narHash": "sha256-ktpB4dRtnksm9F5WawoIkEneh1nrEvuxb5lJFt1iOyw=",
        "owner": "nix-community",
        "repo": "flake-compat",
        "rev": "8bf105319d44f6b9f0d764efa4fdef9f1cc9ba1c",
        "type": "github"
      },
      "original": {
        "owner": "nix-community",
        "repo": "flake-compat",
        "type": "github"
      }
    },
    "flake-compat_2": {
      "flake": false,
      "locked": {
        "lastModified": 1617671040,
        "narHash": "sha256-kM5xZE67AkbXP0w9V/7tzhvxcC68mDybYFHkl3qpCxk=",
        "owner": "BBBSnowball",
        "repo": "flake-compat",
        "rev": "e299543e6d7a705212bb890475fa6f00efa2b290",
        "type": "github"
      },
      "original": {
        "owner": "BBBSnowball",
        "repo": "flake-compat",
        "type": "github"
      }
    },
    "flake-registry": {
      "flake": false,
      "locked": {
        "lastModified": 1649622121,
        "narHash": "sha256-0aumhaIc5DWeY5t3fflyUACcT+ADOS7CAEYVqcSkifE=",
        "owner": "NixOS",
        "repo": "flake-registry",
        "rev": "5e7e4d3227259eb961bbd5926bad9d609a29a988",
        "type": "github"
      },
      "original": {
        "owner": "NixOS",
        "repo": "flake-registry",
        "type": "github"
      }
    },
    "jens-dotfiles": {
      "flake": false,
      "locked": {
        "host": "git.c3pb.de",
        "lastModified": 1587168120,
        "narHash": "sha256-LBwPcCv7t4F2yQpwXP5o0pXv5a8LOKb6OLQKTg8eNl4=",
        "owner": "jens",
        "repo": "dotfiles",
        "rev": "cbded47f57fa7c5819709f2a2e97ea29af9b321a",
        "type": "gitlab"
      },
      "original": {
        "host": "git.c3pb.de",
        "owner": "jens",
        "repo": "dotfiles",
        "rev": "cbded47f57fa7c5819709f2a2e97ea29af9b321a",
        "type": "gitlab"
      }
    },
    "nix-bundle": {
      "inputs": {
        "nixpkgs": [
          "routeromen",
          "nixpkgs"
        ]
      },
      "locked": {
        "lastModified": 1611019385,
        "narHash": "sha256-Um0coCW4R74jW6jY4NBq2+jDafLkEeNKFaDiiS/0bcM=",
        "owner": "BBBSnowball",
        "repo": "nix-bundle",
        "rev": "66b1e4615c3f9d5b1be9cc42d3c2f2c755372cf6",
        "type": "github"
      },
      "original": {
        "owner": "BBBSnowball",
        "repo": "nix-bundle",
        "type": "github"
      }
    },
    "nixos-hardware": {
      "locked": {
        "lastModified": 1708594753,
        "narHash": "sha256-c/gH7iXS/IYH9NrFOT+aJqTq+iEBkvAkpWuUHGU3+f0=",
        "owner": "NixOS",
        "repo": "nixos-hardware",
        "rev": "3f7d0bca003eac1a1a7f4659bbab9c8f8c2a0958",
        "type": "github"
      },
      "original": {
        "owner": "NixOS",
        "repo": "nixos-hardware",
        "type": "github"
      }
    },
    "nixos-m1": {
      "inputs": {
        "flake-compat": "flake-compat",
        "nixpkgs": "nixpkgs",
        "rust-overlay": "rust-overlay"
      },
      "locked": {
        "lastModified": 1705557527,
        "narHash": "sha256-DuxxHTQ/W5KToFLWG4FUF8hLldNo9eXlbt7JgvhrMnY=",
        "owner": "tpwrules",
        "repo": "nixos-m1",
        "rev": "6e324ab06cb27a19409ebc1dc2664bf1e585490a",
        "type": "github"
      },
      "original": {
        "owner": "tpwrules",
        "repo": "nixos-m1",
        "type": "github"
      }
    },
    "nixpkgs": {
      "locked": {
        "lastModified": 1705316053,
        "narHash": "sha256-J2Ey5mPFT8gdfL2XC0JTZvKaBw/b2pnyudEXFvl+dQM=",
        "owner": "nixos",
        "repo": "nixpkgs",
        "rev": "c3e128f3c0ecc1fb04aef9f72b3dcc2f6cecf370",
        "type": "github"
      },
      "original": {
        "owner": "nixos",
        "repo": "nixpkgs",
        "rev": "c3e128f3c0ecc1fb04aef9f72b3dcc2f6cecf370",
        "type": "github"
      }
    },
    "nixpkgs-mongodb": {
      "locked": {
        "lastModified": 1688392541,
        "narHash": "sha256-lHrKvEkCPTUO+7tPfjIcb7Trk6k31rz18vkyqmkeJfY=",
        "owner": "NixOS",
        "repo": "nixpkgs",
        "rev": "ea4c80b39be4c09702b0cb3b42eab59e2ba4f24b",
        "type": "github"
      },
      "original": {
        "owner": "NixOS",
        "ref": "nixos-22.11",
        "repo": "nixpkgs",
        "type": "github"
      }
    },
    "nixpkgs-unstable": {
      "locked": {
        "lastModified": 1697158538,
        "narHash": "sha256-TR02XPre2EcwU1kT4WXZWJOBi/B8C7P1xoywOUGkdDk=",
        "owner": "NixOS",
        "repo": "nixpkgs",
        "rev": "ee176b5fbb680864dcf80f9ca3f6f134d81331d8",
        "type": "github"
      },
      "original": {
        "owner": "NixOS",
        "repo": "nixpkgs",
        "type": "github"
      }
    },
    "nixpkgs_2": {
      "locked": {
        "lastModified": 1708440434,
        "narHash": "sha256-XY+B9mbhL/i+Q6fP6gBQ6P76rv9rWtpjQiUJ+DGtaUg=",
        "owner": "NixOS",
        "repo": "nixpkgs",
        "rev": "526d051b128b82ae045a70e5ff1adf8e6dafa560",
        "type": "github"
      },
      "original": {
        "owner": "NixOS",
        "ref": "nixos-23.11",
        "repo": "nixpkgs",
        "type": "github"
      }
    },
    "private": {
      "flake": false,
      "locked": {
        "lastModified": 1617671808,
        "narHash": "sha256-GrGsmvHq8Emd9c9OIRwus0PjbrkkUY3kNE1O6/MdCr8=",
        "owner": "BBBSnowball",
        "repo": "nixcfg",
        "rev": "ab7ab3690bdb7f662bb386e554d953dc8200c977",
        "type": "github"
      },
      "original": {
        "owner": "BBBSnowball",
        "ref": "dummy",
        "repo": "nixcfg",
        "type": "github"
      }
    },
    "root": {
      "inputs": {
        "flake-registry": "flake-registry",
        "nixos-hardware": "nixos-hardware",
        "nixos-m1": "nixos-m1",
        "nixpkgs": "nixpkgs_2",
        "routeromen": "routeromen"
      }
    },
    "routeromen": {
      "inputs": {
        "flake-compat": "flake-compat_2",
        "jens-dotfiles": "jens-dotfiles",
        "nix-bundle": "nix-bundle",
        "nixpkgs": [
          "nixpkgs"
        ],
        "nixpkgs-mongodb": "nixpkgs-mongodb",
        "nixpkgs-unstable": "nixpkgs-unstable",
        "private": "private"
      },
      "locked": {
        "lastModified": 1706583714,
        "narHash": "sha256-9XlWQfFw4bLncMKYA7eE/T18iiwG0NJvUlaVd/9qoEo=",
        "owner": "BBBSnowball",
        "repo": "nixcfg",
        "rev": "1e62c07dbfab1292623dd3b2fa3524e84989e277",
        "type": "github"
      },
      "original": {
        "owner": "BBBSnowball",
        "repo": "nixcfg",
        "type": "github"
      }
    },
    "rust-overlay": {
      "flake": false,
      "locked": {
        "lastModified": 1686795910,
        "narHash": "sha256-jDa40qRZ0GRQtP9EMZdf+uCbvzuLnJglTUI2JoHfWDc=",
        "owner": "oxalica",
        "repo": "rust-overlay",
        "rev": "5c2b97c0a9bc5217fc3dfb1555aae0fb756d99f9",
        "type": "github"
      },
      "original": {
        "owner": "oxalica",
        "repo": "rust-overlay",
        "type": "github"
      }
    }
  },
  "root": "root",
  "version": 7
}
