{
  "nodes": {
    "flake-compat": {
      "flake": false,
      "locked": {
        "lastModified": 1617671040,
        "narHash": "sha256-kM5xZE67AkbXP0w9V/7tzhvxcC68mDybYFHkl3qpCxk=",
        "owner": "BBBSnowball",
        "repo": "flake-compat",
        "rev": "e299543e6d7a705212bb890475fa6f00efa2b290",
        "type": "github"
      },
      "original": {
        "owner": "BBBSnowball",
        "repo": "flake-compat",
        "type": "github"
      }
    },
    "flake-registry": {
      "flake": false,
      "locked": {
        "lastModified": 1649622121,
        "narHash": "sha256-0aumhaIc5DWeY5t3fflyUACcT+ADOS7CAEYVqcSkifE=",
        "owner": "NixOS",
        "repo": "flake-registry",
        "rev": "5e7e4d3227259eb961bbd5926bad9d609a29a988",
        "type": "github"
      },
      "original": {
        "owner": "NixOS",
        "repo": "flake-registry",
        "type": "github"
      }
    },
    "jens-dotfiles": {
      "flake": false,
      "locked": {
        "host": "git.c3pb.de",
        "lastModified": 1587168120,
        "narHash": "sha256-LBwPcCv7t4F2yQpwXP5o0pXv5a8LOKb6OLQKTg8eNl4=",
        "owner": "jens",
        "repo": "dotfiles",
        "rev": "cbded47f57fa7c5819709f2a2e97ea29af9b321a",
        "type": "gitlab"
      },
      "original": {
        "host": "git.c3pb.de",
        "owner": "jens",
        "repo": "dotfiles",
        "rev": "cbded47f57fa7c5819709f2a2e97ea29af9b321a",
        "type": "gitlab"
      }
    },
    "nix-bundle": {
      "inputs": {
        "nixpkgs": [
          "routeromen",
          "nixpkgs"
        ]
      },
      "locked": {
        "lastModified": 1611019385,
        "narHash": "sha256-Um0coCW4R74jW6jY4NBq2+jDafLkEeNKFaDiiS/0bcM=",
        "owner": "BBBSnowball",
        "repo": "nix-bundle",
        "rev": "66b1e4615c3f9d5b1be9cc42d3c2f2c755372cf6",
        "type": "github"
      },
      "original": {
        "owner": "BBBSnowball",
        "repo": "nix-bundle",
        "type": "github"
      }
    },
    "nixpkgs": {
      "locked": {
        "lastModified": 1742512142,
        "narHash": "sha256-8XfURTDxOm6+33swQJu/hx6xw1Tznl8vJJN5HwVqckg=",
        "owner": "NixOS",
        "repo": "nixpkgs",
        "rev": "7105ae3957700a9646cc4b766f5815b23ed0c682",
        "type": "github"
      },
      "original": {
        "owner": "NixOS",
        "ref": "nixos-24.11",
        "repo": "nixpkgs",
        "type": "github"
      }
    },
    "nixpkgs-mongodb": {
      "locked": {
        "lastModified": 1688392541,
        "narHash": "sha256-lHrKvEkCPTUO+7tPfjIcb7Trk6k31rz18vkyqmkeJfY=",
        "owner": "NixOS",
        "repo": "nixpkgs",
        "rev": "ea4c80b39be4c09702b0cb3b42eab59e2ba4f24b",
        "type": "github"
      },
      "original": {
        "owner": "NixOS",
        "ref": "nixos-22.11",
        "repo": "nixpkgs",
        "type": "github"
      }
    },
    "nixpkgs-unstable": {
      "locked": {
        "lastModified": 1719874014,
        "narHash": "sha256-ca2s3KOSTtV/CQUXpFsG3yZi6hprTv0b090Z1qV9mTw=",
        "owner": "NixOS",
        "repo": "nixpkgs",
        "rev": "a0966d001dbb9427182de99b2628f71a30a6d96a",
        "type": "github"
      },
      "original": {
        "owner": "NixOS",
        "repo": "nixpkgs",
        "type": "github"
      }
    },
    "private": {
      "flake": false,
      "locked": {
        "lastModified": 1617671808,
        "narHash": "sha256-GrGsmvHq8Emd9c9OIRwus0PjbrkkUY3kNE1O6/MdCr8=",
        "owner": "BBBSnowball",
        "repo": "nixcfg",
        "rev": "ab7ab3690bdb7f662bb386e554d953dc8200c977",
        "type": "github"
      },
      "original": {
        "owner": "BBBSnowball",
        "ref": "dummy",
        "repo": "nixcfg",
        "type": "github"
      }
    },
    "root": {
      "inputs": {
        "flake-registry": "flake-registry",
        "nixpkgs": "nixpkgs",
        "nixpkgs-unstable": [
          "routeromen",
          "nixpkgs-unstable"
        ],
        "routeromen": "routeromen"
      }
    },
    "routeromen": {
      "inputs": {
        "flake-compat": "flake-compat",
        "jens-dotfiles": "jens-dotfiles",
        "nix-bundle": "nix-bundle",
        "nixpkgs": [
          "nixpkgs"
        ],
        "nixpkgs-mongodb": "nixpkgs-mongodb",
        "nixpkgs-unstable": "nixpkgs-unstable",
        "private": "private"
      },
      "locked": {
        "lastModified": 1719877234,
        "narHash": "sha256-/1XLYCAMVUg757oryaX7EumVtzeJkLH2wEwiKL2sncs=",
        "owner": "BBBSnowball",
        "repo": "nixcfg",
        "rev": "d0172e58c7b62a17ec11ab33c9c2c94f0c8261ab",
        "type": "github"
      },
      "original": {
        "owner": "BBBSnowball",
        "repo": "nixcfg",
        "type": "github"
      }
    }
  },
  "root": "root",
  "version": 7
}
