{
  "nodes": {
    "dummy": {
      "locked": {
        "lastModified": 1617671808,
        "narHash": "sha256-GrGsmvHq8Emd9c9OIRwus0PjbrkkUY3kNE1O6/MdCr8=",
        "owner": "BBBSnowball",
        "repo": "nixcfg",
        "rev": "ab7ab3690bdb7f662bb386e554d953dc8200c977",
        "type": "github"
      },
      "original": {
        "owner": "BBBSnowball",
        "ref": "dummy",
        "repo": "nixcfg",
        "type": "github"
      }
    },
    "flake-compat": {
      "flake": false,
      "locked": {
        "lastModified": 1611465702,
        "narHash": "sha256-Vcfqx3fNbzdS0uFx5ztaOv7hefZvl21LKVSTLqiD2CM=",
        "owner": "BBBSnowball",
        "repo": "flake-compat",
        "rev": "70260a0ac22e79fde5ec51140c133725a92c9082",
        "type": "github"
      },
      "original": {
        "owner": "BBBSnowball",
        "repo": "flake-compat",
        "type": "github"
      }
    },
    "jens-dotfiles": {
      "flake": false,
      "locked": {
        "host": "git.c3pb.de",
        "lastModified": 1587168120,
        "narHash": "sha256-LBwPcCv7t4F2yQpwXP5o0pXv5a8LOKb6OLQKTg8eNl4=",
        "owner": "jens",
        "repo": "dotfiles",
        "rev": "cbded47f57fa7c5819709f2a2e97ea29af9b321a",
        "type": "gitlab"
      },
      "original": {
        "host": "git.c3pb.de",
        "owner": "jens",
        "repo": "dotfiles",
        "rev": "cbded47f57fa7c5819709f2a2e97ea29af9b321a",
        "type": "gitlab"
      }
    },
    "nix-bundle": {
      "inputs": {
        "nixpkgs": [
          "nixpkgs"
        ]
      },
      "locked": {
        "lastModified": 1611019385,
        "narHash": "sha256-Um0coCW4R74jW6jY4NBq2+jDafLkEeNKFaDiiS/0bcM=",
        "owner": "BBBSnowball",
        "repo": "nix-bundle",
        "rev": "66b1e4615c3f9d5b1be9cc42d3c2f2c755372cf6",
        "type": "github"
      },
      "original": {
        "owner": "BBBSnowball",
        "repo": "nix-bundle",
        "type": "github"
      }
    },
    "nixpkgs": {
      "locked": {
        "lastModified": 1617271991,
        "narHash": "sha256-VdzjIQaT1FtycNid0iPSVr44Jrstoox6QRLrwCY1uG0=",
        "owner": "NixOS",
        "repo": "nixpkgs",
        "rev": "da7f4c4842520167f65c20ad75ecdbd14e27ae91",
        "type": "github"
      },
      "original": {
        "owner": "NixOS",
        "ref": "nixos-20.09",
        "repo": "nixpkgs",
        "type": "github"
      }
    },
    "private": {
      "flake": false,
      "locked": {
        "narHash": "sha256-P2q6CUbnElb8QKAt7iiBlWMOw+E18rvotJzQL+gGUrg=",
        "path": "./private",
        "type": "path"
      },
      "original": {
        "path": "./private",
        "type": "path"
      }
    },
    "root": {
      "inputs": {
        "dummy": "dummy",
        "flake-compat": [
          "routeromen",
          "flake-compat"
        ],
        "nixpkgs": "nixpkgs",
        "private": "private",
        "routeromen": "routeromen"
      }
    },
    "routeromen": {
      "inputs": {
        "flake-compat": "flake-compat",
        "jens-dotfiles": "jens-dotfiles",
        "nix-bundle": "nix-bundle",
        "nixpkgs": [
          "nixpkgs"
        ],
        "private": [
          "dummy"
        ],
        "private-c3pbvm": [
          "dummy"
        ],
        "private-nixosvm": [
          "dummy"
        ]
      },
      "locked": {
        "lastModified": 1617667987,
        "narHash": "sha256-hhsztyLlDm3ggRXJ906+IILJf+mh8JFo8WzXCXtcNVo=",
        "owner": "BBBSnowball",
        "repo": "nixcfg",
        "rev": "794ea0dec237674351d474394a3b316cc1ea38e9",
        "type": "github"
      },
      "original": {
        "owner": "BBBSnowball",
        "repo": "nixcfg",
        "type": "github"
      }
    }
  },
  "root": "root",
  "version": 7
}
