{
  "nodes": {
    "crane": {
      "inputs": {
        "nixpkgs": [
          "lanzaboote",
          "nixpkgs"
        ]
      },
      "locked": {
        "lastModified": 1717535930,
        "narHash": "sha256-1hZ/txnbd/RmiBPNUs7i8UQw2N89uAK3UzrGAWdnFfU=",
        "owner": "ipetkov",
        "repo": "crane",
        "rev": "55e7754ec31dac78980c8be45f8a28e80e370946",
        "type": "github"
      },
      "original": {
        "owner": "ipetkov",
        "repo": "crane",
        "type": "github"
      }
    },
    "flake-compat": {
      "flake": false,
      "locked": {
        "lastModified": 1696426674,
        "narHash": "sha256-kvjfFW7WAETZlt09AgDn1MrtKzP7t90Vf7vypd3OL1U=",
        "owner": "edolstra",
        "repo": "flake-compat",
        "rev": "0f9255e01c2351cc7d116c072cb317785dd33b33",
        "type": "github"
      },
      "original": {
        "owner": "edolstra",
        "repo": "flake-compat",
        "type": "github"
      }
    },
    "flake-compat_2": {
      "flake": false,
      "locked": {
        "lastModified": 1617671040,
        "narHash": "sha256-kM5xZE67AkbXP0w9V/7tzhvxcC68mDybYFHkl3qpCxk=",
        "owner": "BBBSnowball",
        "repo": "flake-compat",
        "rev": "e299543e6d7a705212bb890475fa6f00efa2b290",
        "type": "github"
      },
      "original": {
        "owner": "BBBSnowball",
        "repo": "flake-compat",
        "type": "github"
      }
    },
    "flake-parts": {
      "inputs": {
        "nixpkgs-lib": [
          "lanzaboote",
          "nixpkgs"
        ]
      },
      "locked": {
        "lastModified": 1717285511,
        "narHash": "sha256-iKzJcpdXih14qYVcZ9QC9XuZYnPc6T8YImb6dX166kw=",
        "owner": "hercules-ci",
        "repo": "flake-parts",
        "rev": "2a55567fcf15b1b1c7ed712a2c6fadaec7412ea8",
        "type": "github"
      },
      "original": {
        "owner": "hercules-ci",
        "repo": "flake-parts",
        "type": "github"
      }
    },
    "flake-registry": {
      "flake": false,
      "locked": {
        "lastModified": 1692779116,
        "narHash": "sha256-erTXdDToRA8whxURoEgBGWj550vcUirO6adEFIjQ0M0=",
        "owner": "NixOS",
        "repo": "flake-registry",
        "rev": "3f641cbae15d3c74370aa9b97fd0ac478a114305",
        "type": "github"
      },
      "original": {
        "owner": "NixOS",
        "repo": "flake-registry",
        "type": "github"
      }
    },
    "flake-utils": {
      "inputs": {
        "systems": "systems"
      },
      "locked": {
        "lastModified": 1710146030,
        "narHash": "sha256-SZ5L6eA7HJ/nmkzGG7/ISclqe6oZdOZTNoesiInkXPQ=",
        "owner": "numtide",
        "repo": "flake-utils",
        "rev": "b1d9ab70662946ef0850d488da1c9019f3a9752a",
        "type": "github"
      },
      "original": {
        "owner": "numtide",
        "repo": "flake-utils",
        "type": "github"
      }
    },
    "gitignore": {
      "inputs": {
        "nixpkgs": [
          "lanzaboote",
          "pre-commit-hooks-nix",
          "nixpkgs"
        ]
      },
      "locked": {
        "lastModified": 1709087332,
        "narHash": "sha256-HG2cCnktfHsKV0s4XW83gU3F57gaTljL9KNSuG6bnQs=",
        "owner": "hercules-ci",
        "repo": "gitignore.nix",
        "rev": "637db329424fd7e46cf4185293b9cc8c88c95394",
        "type": "github"
      },
      "original": {
        "owner": "hercules-ci",
        "repo": "gitignore.nix",
        "type": "github"
      }
    },
    "jens-dotfiles": {
      "flake": false,
      "locked": {
        "host": "git.c3pb.de",
        "lastModified": 1587168120,
        "narHash": "sha256-LBwPcCv7t4F2yQpwXP5o0pXv5a8LOKb6OLQKTg8eNl4=",
        "owner": "jens",
        "repo": "dotfiles",
        "rev": "cbded47f57fa7c5819709f2a2e97ea29af9b321a",
        "type": "gitlab"
      },
      "original": {
        "host": "git.c3pb.de",
        "owner": "jens",
        "repo": "dotfiles",
        "rev": "cbded47f57fa7c5819709f2a2e97ea29af9b321a",
        "type": "gitlab"
      }
    },
    "lanzaboote": {
      "inputs": {
        "crane": "crane",
        "flake-compat": "flake-compat",
        "flake-parts": "flake-parts",
        "flake-utils": "flake-utils",
        "nixpkgs": [
          "nixpkgs"
        ],
        "pre-commit-hooks-nix": "pre-commit-hooks-nix",
        "rust-overlay": "rust-overlay"
      },
      "locked": {
        "lastModified": 1718178907,
        "narHash": "sha256-eSZyrQ9uoPB9iPQ8Y5H7gAmAgAvCw3InStmU3oEjqsE=",
        "owner": "nix-community",
        "repo": "lanzaboote",
        "rev": "b627ccd97d0159214cee5c7db1412b75e4be6086",
        "type": "github"
      },
      "original": {
        "owner": "nix-community",
        "ref": "v0.4.1",
        "repo": "lanzaboote",
        "type": "github"
      }
    },
    "nix-bundle": {
      "inputs": {
        "nixpkgs": [
          "routeromen",
          "nixpkgs"
        ]
      },
      "locked": {
        "lastModified": 1611019385,
        "narHash": "sha256-Um0coCW4R74jW6jY4NBq2+jDafLkEeNKFaDiiS/0bcM=",
        "owner": "BBBSnowball",
        "repo": "nix-bundle",
        "rev": "66b1e4615c3f9d5b1be9cc42d3c2f2c755372cf6",
        "type": "github"
      },
      "original": {
        "owner": "BBBSnowball",
        "repo": "nix-bundle",
        "type": "github"
      }
    },
    "nixos-hardware": {
      "locked": {
        "lastModified": 1734352517,
        "narHash": "sha256-mfv+J/vO4nqmIOlq8Y1rRW8hVsGH3M+I2ESMjhuebDs=",
        "owner": "NixOS",
        "repo": "nixos-hardware",
        "rev": "b12e314726a4226298fe82776b4baeaa7bcf3dcd",
        "type": "github"
      },
      "original": {
        "owner": "NixOS",
        "repo": "nixos-hardware",
        "type": "github"
      }
    },
    "nixpkgs": {
      "locked": {
        "lastModified": 1734600368,
        "narHash": "sha256-nbG9TijTMcfr+au7ZVbKpAhMJzzE2nQBYmRvSdXUD8g=",
        "owner": "NixOS",
        "repo": "nixpkgs",
        "rev": "b47fd6fa00c6afca88b8ee46cfdb00e104f50bca",
        "type": "github"
      },
      "original": {
        "owner": "NixOS",
        "ref": "nixos-24.11",
        "repo": "nixpkgs",
        "type": "github"
      }
    },
    "nixpkgs-mongodb": {
      "locked": {
        "lastModified": 1688392541,
        "narHash": "sha256-lHrKvEkCPTUO+7tPfjIcb7Trk6k31rz18vkyqmkeJfY=",
        "owner": "NixOS",
        "repo": "nixpkgs",
        "rev": "ea4c80b39be4c09702b0cb3b42eab59e2ba4f24b",
        "type": "github"
      },
      "original": {
        "owner": "NixOS",
        "ref": "nixos-22.11",
        "repo": "nixpkgs",
        "type": "github"
      }
    },
    "nixpkgs-ollama": {
      "locked": {
        "lastModified": 1712776940,
        "narHash": "sha256-R0FKMUS/JQZEn+Tqkx3ZS9MJvr9w4KW0L83PIIrfEH4=",
        "owner": "NixOS",
        "repo": "nixpkgs",
        "rev": "85d3f97277c0a0b5b542951e8990b4bd2bbe2a26",
        "type": "github"
      },
      "original": {
        "owner": "NixOS",
        "repo": "nixpkgs",
        "type": "github"
      }
    },
    "nixpkgs-stable": {
      "locked": {
        "lastModified": 1710695816,
        "narHash": "sha256-3Eh7fhEID17pv9ZxrPwCLfqXnYP006RKzSs0JptsN84=",
        "owner": "NixOS",
        "repo": "nixpkgs",
        "rev": "614b4613980a522ba49f0d194531beddbb7220d3",
        "type": "github"
      },
      "original": {
        "owner": "NixOS",
        "ref": "nixos-23.11",
        "repo": "nixpkgs",
        "type": "github"
      }
    },
    "nixpkgs-unstable": {
      "locked": {
        "lastModified": 1683859283,
        "narHash": "sha256-6H3OI3Oj3UzHAAwIV3V1TB3FuRcG/DZtMIw4HlhdqGc=",
        "owner": "NixOS",
        "repo": "nixpkgs",
        "rev": "8473e133e19d4711242d6a17e7c15995fa2234a6",
        "type": "github"
      },
      "original": {
        "owner": "NixOS",
        "repo": "nixpkgs",
        "type": "github"
      }
    },
    "nixpkgs-unstable_2": {
      "locked": {
        "lastModified": 1719874014,
        "narHash": "sha256-ca2s3KOSTtV/CQUXpFsG3yZi6hprTv0b090Z1qV9mTw=",
        "owner": "NixOS",
        "repo": "nixpkgs",
        "rev": "a0966d001dbb9427182de99b2628f71a30a6d96a",
        "type": "github"
      },
      "original": {
        "owner": "NixOS",
        "repo": "nixpkgs",
        "type": "github"
      }
    },
    "pre-commit-hooks-nix": {
      "inputs": {
        "flake-compat": [
          "lanzaboote",
          "flake-compat"
        ],
        "gitignore": "gitignore",
        "nixpkgs": [
          "lanzaboote",
          "nixpkgs"
        ],
        "nixpkgs-stable": "nixpkgs-stable"
      },
      "locked": {
        "lastModified": 1717664902,
        "narHash": "sha256-7XfBuLULizXjXfBYy/VV+SpYMHreNRHk9nKMsm1bgb4=",
        "owner": "cachix",
        "repo": "pre-commit-hooks.nix",
        "rev": "cc4d466cb1254af050ff7bdf47f6d404a7c646d1",
        "type": "github"
      },
      "original": {
        "owner": "cachix",
        "repo": "pre-commit-hooks.nix",
        "type": "github"
      }
    },
    "private": {
      "flake": false,
      "locked": {
        "lastModified": 1617671808,
        "narHash": "sha256-GrGsmvHq8Emd9c9OIRwus0PjbrkkUY3kNE1O6/MdCr8=",
        "owner": "BBBSnowball",
        "repo": "nixcfg",
        "rev": "ab7ab3690bdb7f662bb386e554d953dc8200c977",
        "type": "github"
      },
      "original": {
        "owner": "BBBSnowball",
        "ref": "dummy",
        "repo": "nixcfg",
        "type": "github"
      }
    },
    "root": {
      "inputs": {
        "flake-registry": "flake-registry",
        "lanzaboote": "lanzaboote",
        "nixos-hardware": "nixos-hardware",
        "nixpkgs": "nixpkgs",
        "nixpkgs-ollama": "nixpkgs-ollama",
        "nixpkgs-unstable": "nixpkgs-unstable",
        "routeromen": "routeromen"
      }
    },
    "routeromen": {
      "inputs": {
        "flake-compat": "flake-compat_2",
        "jens-dotfiles": "jens-dotfiles",
        "nix-bundle": "nix-bundle",
        "nixpkgs": [
          "nixpkgs"
        ],
        "nixpkgs-mongodb": "nixpkgs-mongodb",
        "nixpkgs-unstable": "nixpkgs-unstable_2",
        "private": "private"
      },
      "locked": {
        "lastModified": 1727302822,
        "narHash": "sha256-m7xuYOjnw6NrhqoDyiFmqGZ5ko1QWUtKe+8tysteZec=",
        "owner": "BBBSnowball",
        "repo": "nixcfg",
        "rev": "16ee88d6e429e92e85bc0a236d7d07232f6b68d3",
        "type": "github"
      },
      "original": {
        "owner": "BBBSnowball",
        "repo": "nixcfg",
        "type": "github"
      }
    },
    "rust-overlay": {
      "inputs": {
        "flake-utils": [
          "lanzaboote",
          "flake-utils"
        ],
        "nixpkgs": [
          "lanzaboote",
          "nixpkgs"
        ]
      },
      "locked": {
        "lastModified": 1717813066,
        "narHash": "sha256-wqbRwq3i7g5EHIui0bIi84mdqZ/It1AXBSLJ5tafD28=",
        "owner": "oxalica",
        "repo": "rust-overlay",
        "rev": "6dc3e45fe4aee36efeed24d64fc68b1f989d5465",
        "type": "github"
      },
      "original": {
        "owner": "oxalica",
        "repo": "rust-overlay",
        "type": "github"
      }
    },
    "systems": {
      "locked": {
        "lastModified": 1681028828,
        "narHash": "sha256-Vy1rq5AaRuLzOxct8nz4T6wlgyUR7zLU309k9mBC768=",
        "owner": "nix-systems",
        "repo": "default",
        "rev": "da67096a3b9bf56a91d16901293e51ba5b49a27e",
        "type": "github"
      },
      "original": {
        "owner": "nix-systems",
        "repo": "default",
        "type": "github"
      }
    }
  },
  "root": "root",
  "version": 7
}
