{
  "nodes": {
    "flake-compat": {
      "flake": false,
      "locked": {
        "lastModified": 1611465702,
        "narHash": "sha256-Vcfqx3fNbzdS0uFx5ztaOv7hefZvl21LKVSTLqiD2CM=",
        "owner": "BBBSnowball",
        "repo": "flake-compat",
        "rev": "70260a0ac22e79fde5ec51140c133725a92c9082",
        "type": "github"
      },
      "original": {
        "owner": "BBBSnowball",
        "repo": "flake-compat",
        "type": "github"
      }
    },
    "flake-registry": {
      "flake": false,
      "locked": {
        "lastModified": 1606819374,
        "narHash": "sha256-JGUmsbvPgK33mQxExZEThg0Q2b0dmlOjU/JYMmpCS+I=",
        "owner": "NixOS",
        "repo": "flake-registry",
        "rev": "94269f4cd4cb50f937200585a9abd05c6faa4452",
        "type": "github"
      },
      "original": {
        "owner": "NixOS",
        "repo": "flake-registry",
        "type": "github"
      }
    },
    "jens-dotfiles": {
      "flake": false,
      "locked": {
        "host": "git.c3pb.de",
        "lastModified": 1587168120,
        "narHash": "sha256-LBwPcCv7t4F2yQpwXP5o0pXv5a8LOKb6OLQKTg8eNl4=",
        "owner": "jens",
        "repo": "dotfiles",
        "rev": "cbded47f57fa7c5819709f2a2e97ea29af9b321a",
        "type": "gitlab"
      },
      "original": {
        "host": "git.c3pb.de",
        "owner": "jens",
        "repo": "dotfiles",
        "rev": "cbded47f57fa7c5819709f2a2e97ea29af9b321a",
        "type": "gitlab"
      }
    },
    "ldap-to-ssh": {
      "locked": {
        "host": "git.c3pb.de",
        "lastModified": 1609297929,
        "narHash": "sha256-oXmJBkqV2M92umbMziLWzaq89NX0qoA+HbUBrStYuYY=",
        "owner": "snowball",
        "repo": "ldap-to-ssh",
        "rev": "a545515d943493bba2be216b58c3ff9b561d3463",
        "type": "gitlab"
      },
      "original": {
        "host": "git.c3pb.de",
        "owner": "snowball",
        "repo": "ldap-to-ssh",
        "rev": "a545515d943493bba2be216b58c3ff9b561d3463",
        "type": "gitlab"
      }
    },
    "nix-bundle": {
      "inputs": {
        "nixpkgs": [
          "nixpkgs"
        ]
      },
      "locked": {
        "lastModified": 1611019385,
        "narHash": "sha256-Um0coCW4R74jW6jY4NBq2+jDafLkEeNKFaDiiS/0bcM=",
        "owner": "BBBSnowball",
        "repo": "nix-bundle",
        "rev": "66b1e4615c3f9d5b1be9cc42d3c2f2c755372cf6",
        "type": "github"
      },
      "original": {
        "owner": "BBBSnowball",
        "repo": "nix-bundle",
        "type": "github"
      }
    },
    "nixpkgs": {
      "locked": {
        "lastModified": 1615162706,
        "narHash": "sha256-r7QkUDsIbZ8RH6YU+XW00wM0XW4MXLdEC8QSrDwUGwY=",
        "owner": "NixOS",
        "repo": "nixpkgs",
        "rev": "f26c6ddc472d63418ea9117832d40912407f4abf",
        "type": "github"
      },
      "original": {
        "owner": "NixOS",
        "ref": "nixos-20.09",
        "repo": "nixpkgs",
        "type": "github"
      }
    },
    "nixpkgs-unstable": {
      "locked": {
        "lastModified": 1611865826,
        "narHash": "sha256-qe54fus5QQcIEqVpJI8UKrESX6yvgBLwmE2RHCE+Jl8=",
        "owner": "NixOS",
        "repo": "nixpkgs",
        "rev": "11ec29dd70d75274aa2557f3802ba91af9727508",
        "type": "github"
      },
      "original": {
        "owner": "NixOS",
        "repo": "nixpkgs",
        "type": "github"
      }
    },
    "private": {
      "flake": false,
      "locked": {
        "narHash": "sha256-pQpattmS9VmO3ZIQUFn66az8GSmB4IvYhTTCFn6SUmo=",
        "path": "./private/data",
        "type": "path"
      },
      "original": {
        "path": "./private/data",
        "type": "path"
      }
    },
    "rockpro64Config": {
      "inputs": {
        "nixpkgs": [
          "nixpkgs"
        ]
      },
      "locked": {
        "lastModified": 1609468851,
        "narHash": "sha256-AjY8H9yob6jv2H8eQpak+ND8wa8o6SUHUHcqJeQ1Xr4=",
        "owner": "BBBSnowball",
        "repo": "nixos-installer-rockpro64",
        "rev": "3fe1eca614c48128d1b0b20195b61e13152526ed",
        "type": "github"
      },
      "original": {
        "owner": "BBBSnowball",
        "repo": "nixos-installer-rockpro64",
        "type": "github"
      }
    },
    "root": {
      "inputs": {
        "flake-registry": "flake-registry",
        "ldap-to-ssh": "ldap-to-ssh",
        "nixpkgs": "nixpkgs",
        "nixpkgs-unstable": "nixpkgs-unstable",
        "rockpro64Config": "rockpro64Config",
        "routeromen": "routeromen"
      }
    },
    "routeromen": {
      "inputs": {
        "flake-compat": "flake-compat",
        "jens-dotfiles": "jens-dotfiles",
        "nix-bundle": "nix-bundle",
        "nixpkgs": [
          "nixpkgs"
        ],
        "private": "private"
      },
      "locked": {
        "narHash": "sha256-uRx2s8wR79k9iY2FAasPkH6jXK6wMDhrJRCaTgmVmaY=",
        "path": "../..",
        "type": "path"
      },
      "original": {
        "path": "../..",
        "type": "path"
      }
    }
  },
  "root": "root",
  "version": 7
}
