{
  "nodes": {
    "flake-compat": {
      "flake": false,
      "locked": {
        "lastModified": 1617671040,
        "narHash": "sha256-kM5xZE67AkbXP0w9V/7tzhvxcC68mDybYFHkl3qpCxk=",
        "owner": "BBBSnowball",
        "repo": "flake-compat",
        "rev": "e299543e6d7a705212bb890475fa6f00efa2b290",
        "type": "github"
      },
      "original": {
        "owner": "BBBSnowball",
        "repo": "flake-compat",
        "type": "github"
      }
    },
    "flake-registry": {
      "flake": false,
      "locked": {
        "lastModified": 1661161594,
        "narHash": "sha256-tu1KKNLw+v7ZOIUPGDE66tn9vEyhIAWiiJYZRGGev8E=",
        "owner": "NixOS",
        "repo": "flake-registry",
        "rev": "8634fb4e1db6c76ce037bc00ef80f9ebd2616476",
        "type": "github"
      },
      "original": {
        "owner": "NixOS",
        "repo": "flake-registry",
        "type": "github"
      }
    },
    "jens-dotfiles": {
      "flake": false,
      "locked": {
        "host": "git.c3pb.de",
        "lastModified": 1587168120,
        "narHash": "sha256-LBwPcCv7t4F2yQpwXP5o0pXv5a8LOKb6OLQKTg8eNl4=",
        "owner": "jens",
        "repo": "dotfiles",
        "rev": "cbded47f57fa7c5819709f2a2e97ea29af9b321a",
        "type": "gitlab"
      },
      "original": {
        "host": "git.c3pb.de",
        "owner": "jens",
        "repo": "dotfiles",
        "rev": "cbded47f57fa7c5819709f2a2e97ea29af9b321a",
        "type": "gitlab"
      }
    },
    "nix-bundle": {
      "inputs": {
        "nixpkgs": [
          "routeromen",
          "nixpkgs"
        ]
      },
      "locked": {
        "lastModified": 1611019385,
        "narHash": "sha256-Um0coCW4R74jW6jY4NBq2+jDafLkEeNKFaDiiS/0bcM=",
        "owner": "BBBSnowball",
        "repo": "nix-bundle",
        "rev": "66b1e4615c3f9d5b1be9cc42d3c2f2c755372cf6",
        "type": "github"
      },
      "original": {
        "owner": "BBBSnowball",
        "repo": "nix-bundle",
        "type": "github"
      }
    },
    "nixpkgs": {
      "locked": {
        "lastModified": 1666164185,
        "narHash": "sha256-5v+YB4ijeUfg5LCz9ck4gIpCPhIS+qn02OyPJO48bCE=",
        "owner": "NixOS",
        "repo": "nixpkgs",
        "rev": "c5203abb1329f7ea084c04acda330ca75d5b9fb5",
        "type": "github"
      },
      "original": {
        "owner": "NixOS",
        "ref": "nixos-22.05",
        "repo": "nixpkgs",
        "type": "github"
      }
    },
    "private": {
      "flake": false,
      "locked": {
        "lastModified": 1617671808,
        "narHash": "sha256-GrGsmvHq8Emd9c9OIRwus0PjbrkkUY3kNE1O6/MdCr8=",
        "owner": "BBBSnowball",
        "repo": "nixcfg",
        "rev": "ab7ab3690bdb7f662bb386e554d953dc8200c977",
        "type": "github"
      },
      "original": {
        "owner": "BBBSnowball",
        "ref": "dummy",
        "repo": "nixcfg",
        "type": "github"
      }
    },
    "root": {
      "inputs": {
        "flake-registry": "flake-registry",
        "nixpkgs": "nixpkgs",
        "routeromen": "routeromen"
      }
    },
    "routeromen": {
      "inputs": {
        "flake-compat": "flake-compat",
        "jens-dotfiles": "jens-dotfiles",
        "nix-bundle": "nix-bundle",
        "nixpkgs": [
          "nixpkgs"
        ],
        "private": "private"
      },
      "locked": {
        "lastModified": 1661309214,
        "narHash": "sha256-JlwUCADkdnCvosti6N+bK12uEOScUy08l7RFfKtRTjg=",
        "owner": "BBBSnowball",
        "repo": "nixcfg",
        "rev": "6a3f370dcdde1228403663cebe1f269a8072e0a2",
        "type": "github"
      },
      "original": {
        "owner": "BBBSnowball",
        "repo": "nixcfg",
        "type": "github"
      }
    }
  },
  "root": "root",
  "version": 7
}
