{
  "nodes": {
    "flake-compat": {
      "flake": false,
      "locked": {
        "lastModified": 1606424373,
        "narHash": "sha256-oq8d4//CJOrVj+EcOaSXvMebvuTkmBJuT5tzlfewUnQ=",
        "owner": "edolstra",
        "repo": "flake-compat",
        "rev": "99f1c2157fba4bfe6211a321fd0ee43199025dbf",
        "type": "github"
      },
      "original": {
        "owner": "edolstra",
        "repo": "flake-compat",
        "type": "github"
      }
    },
    "flake-compat_2": {
      "flake": false,
      "locked": {
        "lastModified": 1617671040,
        "narHash": "sha256-kM5xZE67AkbXP0w9V/7tzhvxcC68mDybYFHkl3qpCxk=",
        "owner": "BBBSnowball",
        "repo": "flake-compat",
        "rev": "e299543e6d7a705212bb890475fa6f00efa2b290",
        "type": "github"
      },
      "original": {
        "owner": "BBBSnowball",
        "repo": "flake-compat",
        "type": "github"
      }
    },
    "jens-dotfiles": {
      "flake": false,
      "locked": {
        "host": "git.c3pb.de",
        "lastModified": 1587168120,
        "narHash": "sha256-LBwPcCv7t4F2yQpwXP5o0pXv5a8LOKb6OLQKTg8eNl4=",
        "owner": "jens",
        "repo": "dotfiles",
        "rev": "cbded47f57fa7c5819709f2a2e97ea29af9b321a",
        "type": "gitlab"
      },
      "original": {
        "host": "git.c3pb.de",
        "owner": "jens",
        "repo": "dotfiles",
        "rev": "cbded47f57fa7c5819709f2a2e97ea29af9b321a",
        "type": "gitlab"
      }
    },
    "nix-bundle": {
      "inputs": {
        "nixpkgs": [
          "nixpkgs"
        ]
      },
      "locked": {
        "lastModified": 1611019385,
        "narHash": "sha256-Um0coCW4R74jW6jY4NBq2+jDafLkEeNKFaDiiS/0bcM=",
        "owner": "BBBSnowball",
        "repo": "nix-bundle",
        "rev": "66b1e4615c3f9d5b1be9cc42d3c2f2c755372cf6",
        "type": "github"
      },
      "original": {
        "owner": "BBBSnowball",
        "repo": "nix-bundle",
        "type": "github"
      }
    },
    "nixpkgs": {
      "locked": {
        "lastModified": 1626117186,
        "narHash": "sha256-KSVWpb03y2QootRxAG4RwTI14RUn1vmz/yRgVlDJRpk=",
        "owner": "NixOS",
        "repo": "nixpkgs",
        "rev": "a7512bb64b1dd693c97b1219c24032d28f20f9e8",
        "type": "github"
      },
      "original": {
        "owner": "NixOS",
        "ref": "nixos-21.05",
        "repo": "nixpkgs",
        "type": "github"
      }
    },
    "private": {
      "flake": false,
      "locked": {
        "narHash": "sha256-yqwbkMKXh9bfN591FuAvhslFBjaIvsnmF42uFqHhmTc=",
        "path": "./private",
        "type": "path"
      },
      "original": {
        "path": "./private",
        "type": "path"
      }
    },
    "private-c3pbvm": {
      "flake": false,
      "locked": {
        "narHash": "sha256-7mVlzHcKO01t3awpnvwRPQccQQsPaoo4bkmkUib3YTU=",
        "path": "./hosts/c3pbvm/private",
        "type": "path"
      },
      "original": {
        "path": "./hosts/c3pbvm/private",
        "type": "path"
      }
    },
    "private-nixosvm": {
      "flake": false,
      "locked": {
        "narHash": "sha256-P2q6CUbnElb8QKAt7iiBlWMOw+E18rvotJzQL+gGUrg=",
        "path": "./hosts/nixosvm/private",
        "type": "path"
      },
      "original": {
        "path": "./hosts/nixosvm/private",
        "type": "path"
      }
    },
    "root": {
      "inputs": {
        "flake-compat": "flake-compat",
        "nixpkgs": "nixpkgs",
        "private": "private",
        "routeromen": "routeromen"
      }
    },
    "routeromen": {
      "inputs": {
        "flake-compat": "flake-compat_2",
        "jens-dotfiles": "jens-dotfiles",
        "nix-bundle": "nix-bundle",
        "nixpkgs": [
          "nixpkgs"
        ],
        "private": [
          "private"
        ],
        "private-c3pbvm": "private-c3pbvm",
        "private-nixosvm": "private-nixosvm"
      },
      "locked": {
        "lastModified": 1626212141,
        "narHash": "sha256-6wc6Nuxh+/XBCCJXGkHLw3lEKJaBZ+JOkkwB1Ul5iF0=",
        "owner": "BBBSnowball",
        "repo": "nixcfg",
        "rev": "abc292116ec6305a3a719f96b7a92eb4d45b994f",
        "type": "github"
      },
      "original": {
        "owner": "BBBSnowball",
        "repo": "nixcfg",
        "type": "github"
      }
    }
  },
  "root": "root",
  "version": 7
}
