{
  "nodes": {
    "chatgpt-telegram-bot": {
      "inputs": {
        "nixpkgs": [
          "nixpkgs"
        ],
        "pnpm2nix": "pnpm2nix"
      },
      "locked": {
        "lastModified": 1679091333,
        "narHash": "sha256-tDBOf9ZOlpK8uYZqXsuX8eS+j3UuPg3IBiZf1VKvkIY=",
        "owner": "BBBSnowball",
        "repo": "chatgpt-telegram-bot",
        "rev": "c70d5c93faabd60216714d857451fe900d631fd0",
        "type": "github"
      },
      "original": {
        "owner": "BBBSnowball",
        "repo": "chatgpt-telegram-bot",
        "type": "github"
      }
    },
    "flake-compat": {
      "flake": false,
      "locked": {
        "lastModified": 1617671040,
        "narHash": "sha256-kM5xZE67AkbXP0w9V/7tzhvxcC68mDybYFHkl3qpCxk=",
        "owner": "BBBSnowball",
        "repo": "flake-compat",
        "rev": "e299543e6d7a705212bb890475fa6f00efa2b290",
        "type": "github"
      },
      "original": {
        "owner": "BBBSnowball",
        "repo": "flake-compat",
        "type": "github"
      }
    },
    "nix-bundle": {
      "inputs": {
        "nixpkgs": [
          "routeromen",
          "nixpkgs"
        ]
      },
      "locked": {
        "lastModified": 1611019385,
        "narHash": "sha256-Um0coCW4R74jW6jY4NBq2+jDafLkEeNKFaDiiS/0bcM=",
        "owner": "BBBSnowball",
        "repo": "nix-bundle",
        "rev": "66b1e4615c3f9d5b1be9cc42d3c2f2c755372cf6",
        "type": "github"
      },
      "original": {
        "owner": "BBBSnowball",
        "repo": "nix-bundle",
        "type": "github"
      }
    },
    "nixpkgs": {
      "locked": {
        "lastModified": 1781216227,
        "narHash": "sha256-9mUW6gNwoN2SWc/l0fW4svPNOulXLl8ijqKyeSOGgJE=",
        "owner": "NixOS",
        "repo": "nixpkgs",
        "rev": "a0374025a863d007d98e3297f6aa46cc3141c2f0",
        "type": "github"
      },
      "original": {
        "owner": "NixOS",
        "ref": "nixos-26.05",
        "repo": "nixpkgs",
        "type": "github"
      }
    },
    "nixpkgs-small": {
      "locked": {
        "lastModified": 1781582435,
        "narHash": "sha256-gSxE0/TlYwqk7h1MAPog4LSE4vFjt6zeyjoaudUGCLI=",
        "owner": "NixOS",
        "repo": "nixpkgs",
        "rev": "dbfc12cd8ced4e8ebe9c1faa9dd93bd1d1377799",
        "type": "github"
      },
      "original": {
        "owner": "NixOS",
        "ref": "nixos-26.05-small",
        "repo": "nixpkgs",
        "type": "github"
      }
    },
    "nixpkgs-unstable": {
      "locked": {
        "lastModified": 1734739002,
        "narHash": "sha256-jnD5nNeEBGIhAelhZRcBX6wjPm1NwCwl7ydT3UvkWNE=",
        "owner": "NixOS",
        "repo": "nixpkgs",
        "rev": "8f85b83ec497f83ad2d5aeb0acedd7bf34062e44",
        "type": "github"
      },
      "original": {
        "owner": "NixOS",
        "repo": "nixpkgs",
        "type": "github"
      }
    },
    "nixpkgsLetsmeet": {
      "locked": {
        "lastModified": 1704290814,
        "narHash": "sha256-LWvKHp7kGxk/GEtlrGYV68qIvPHkU9iToomNFGagixU=",
        "owner": "NixOS",
        "repo": "nixpkgs",
        "rev": "70bdadeb94ffc8806c0570eb5c2695ad29f0e421",
        "type": "github"
      },
      "original": {
        "owner": "NixOS",
        "ref": "nixos-23.05",
        "repo": "nixpkgs",
        "type": "github"
      }
    },
    "pnpm2nix": {
      "flake": false,
      "locked": {
        "lastModified": 1594396611,
        "narHash": "sha256-UXOUQ+2A89/zaxYhTHiRrRBU5exbUWrg+FoJYMcNwuI=",
        "owner": "nix-community",
        "repo": "pnpm2nix",
        "rev": "f67be0925a91b92f54d99dbdead7a06920b979ac",
        "type": "github"
      },
      "original": {
        "owner": "nix-community",
        "repo": "pnpm2nix",
        "type": "github"
      }
    },
    "private": {
      "flake": false,
      "locked": {
        "lastModified": 1617671808,
        "narHash": "sha256-GrGsmvHq8Emd9c9OIRwus0PjbrkkUY3kNE1O6/MdCr8=",
        "owner": "BBBSnowball",
        "repo": "nixcfg",
        "rev": "ab7ab3690bdb7f662bb386e554d953dc8200c977",
        "type": "github"
      },
      "original": {
        "owner": "BBBSnowball",
        "ref": "dummy",
        "repo": "nixcfg",
        "type": "github"
      }
    },
    "root": {
      "inputs": {
        "chatgpt-telegram-bot": "chatgpt-telegram-bot",
        "flake-compat": [
          "routeromen",
          "flake-compat"
        ],
        "nixpkgs": "nixpkgs",
        "nixpkgs-small": "nixpkgs-small",
        "nixpkgsLetsmeet": "nixpkgsLetsmeet",
        "routeromen": "routeromen"
      }
    },
    "routeromen": {
      "inputs": {
        "flake-compat": "flake-compat",
        "nix-bundle": "nix-bundle",
        "nixpkgs": [
          "nixpkgs"
        ],
        "nixpkgs-unstable": "nixpkgs-unstable",
        "private": "private"
      },
      "locked": {
        "lastModified": 1781740022,
        "narHash": "sha256-Tl0T1JAF8lZAK4XkZKsw/mZS+HC+LR9SDmfzPUusVn8=",
        "owner": "BBBSnowball",
        "repo": "nixcfg",
        "rev": "73d50851a765eb4f0f252824f6e5e824046e8d3e",
        "type": "github"
      },
      "original": {
        "owner": "BBBSnowball",
        "repo": "nixcfg",
        "type": "github"
      }
    }
  },
  "root": "root",
  "version": 7
}
